lockVersion: 2.0.0
id: 34a2480a-5030-48fa-9f7e-92d08af7f672
management:
  docChecksum: e3579991dc4b8af821112b6292856c57
  docVersion: 1.0.0
  speakeasyVersion: 1.204.1
  generationVersion: 2.279.1
  releaseVersion: 6.2.0
  configChecksum: 623467eaf550731b1ba08f6e8aced2fb
  repoURL: https://github.com/speakeasy-sdks/smartcar-py.git
  repoSubDirectory: .
  installationURL: https://github.com/speakeasy-sdks/smartcar-py.git
features:
  python:
    core: 4.5.1
    examples: 2.81.3
    flattening: 2.81.1
    globalSecurity: 2.83.4
    globalServerURLs: 2.82.1
    methodSecurity: 2.82.1
    methodServerURLs: 2.82.1
    nameOverrides: 2.81.1
    responseFormat: 0.1.0
    unions: 2.82.6
generatedFiles:
  - src/smartcar/sdkconfiguration.py
  - src/smartcar/compatibility.py
  - src/smartcar/vehicle_management.py
  - src/smartcar/user.py
  - src/smartcar/vehicles.py
  - src/smartcar/tesla.py
  - src/smartcar/evs.py
  - src/smartcar/cadillac.py
  - src/smartcar/chevrolet.py
  - src/smartcar/webhooks.py
  - src/smartcar/sdk.py
  - py.typed
  - pylintrc
  - setup.py
  - src/smartcar/__init__.py
  - src/smartcar/utils/__init__.py
  - src/smartcar/utils/retries.py
  - src/smartcar/utils/utils.py
  - src/smartcar/models/errors/sdkerror.py
  - tests/helpers.py
  - src/smartcar/models/operations/listcompatibility.py
  - src/smartcar/models/operations/deletemanagementvehicleconnections.py
  - src/smartcar/models/operations/getmanagementvehicleconnections.py
  - src/smartcar/models/operations/getinfo.py
  - src/smartcar/models/operations/batch.py
  - src/smartcar/models/operations/disconnect.py
  - src/smartcar/models/operations/getvehicle.py
  - src/smartcar/models/operations/getengineoil.py
  - src/smartcar/models/operations/getfueltank.py
  - src/smartcar/models/operations/getlocation.py
  - src/smartcar/models/operations/getodometer.py
  - src/smartcar/models/operations/getpermissions.py
  - src/smartcar/models/operations/gettirepressure.py
  - src/smartcar/models/operations/getvin.py
  - src/smartcar/models/operations/get_vehicles_vehicle_id_security.py
  - src/smartcar/models/operations/listvehicles.py
  - src/smartcar/models/operations/lockunlock.py
  - src/smartcar/models/operations/getteslaammeter.py
  - src/smartcar/models/operations/getteslachargetime.py
  - src/smartcar/models/operations/getteslacompass.py
  - src/smartcar/models/operations/getteslaexteriortemperature.py
  - src/smartcar/models/operations/getteslainteriortemperature.py
  - src/smartcar/models/operations/getteslaspeed.py
  - src/smartcar/models/operations/getteslavoltage.py
  - src/smartcar/models/operations/getteslawattmeter.py
  - src/smartcar/models/operations/setteslaammeter.py
  - src/smartcar/models/operations/getbatterycapacity.py
  - src/smartcar/models/operations/getbatterylevel.py
  - src/smartcar/models/operations/getcharginglimit.py
  - src/smartcar/models/operations/getchargingstatus.py
  - src/smartcar/models/operations/setcharginglimit.py
  - src/smartcar/models/operations/startstopcharge.py
  - src/smartcar/models/operations/getcadillacchargetime.py
  - src/smartcar/models/operations/getcadillacvoltage.py
  - src/smartcar/models/operations/getchevroletchargetime.py
  - src/smartcar/models/operations/getchevroletvoltage.py
  - src/smartcar/models/operations/subscribe.py
  - src/smartcar/models/operations/unsubscribe.py
  - src/smartcar/models/shared/compatibilityresponse.py
  - src/smartcar/models/shared/capability.py
  - src/smartcar/models/shared/deletedconnection.py
  - src/smartcar/models/shared/connectionsresponse.py
  - src/smartcar/models/shared/cursorpaging.py
  - src/smartcar/models/shared/getconnection.py
  - src/smartcar/models/shared/userinfo.py
  - src/smartcar/models/shared/batchresponse.py
  - src/smartcar/models/shared/response.py
  - src/smartcar/models/shared/header.py
  - src/smartcar/models/shared/vehicleinfo.py
  - src/smartcar/models/shared/engineoil.py
  - src/smartcar/models/shared/fueltank.py
  - src/smartcar/models/shared/location.py
  - src/smartcar/models/shared/odometer.py
  - src/smartcar/models/shared/permission.py
  - src/smartcar/models/shared/tirepressure.py
  - src/smartcar/models/shared/vininfo.py
  - src/smartcar/models/shared/securityread.py
  - src/smartcar/models/shared/vehiclesresponse.py
  - src/smartcar/models/shared/successresponse.py
  - src/smartcar/models/shared/securityaction.py
  - src/smartcar/models/shared/chargeammeter.py
  - src/smartcar/models/shared/chargetime.py
  - src/smartcar/models/shared/compass.py
  - src/smartcar/models/shared/temperature.py
  - src/smartcar/models/shared/speed.py
  - src/smartcar/models/shared/chargevoltage.py
  - src/smartcar/models/shared/chargewattage.py
  - src/smartcar/models/shared/batterycapacity.py
  - src/smartcar/models/shared/batterylevel.py
  - src/smartcar/models/shared/chargelimit.py
  - src/smartcar/models/shared/chargestatus.py
  - src/smartcar/models/shared/chargeaction.py
  - src/smartcar/models/shared/webhookinfo.py
  - src/smartcar/models/shared/security.py
  - src/smartcar/models/shared/schemebasicauth.py
  - src/smartcar/models/__init__.py
  - src/smartcar/models/errors/__init__.py
  - src/smartcar/models/operations/__init__.py
  - src/smartcar/models/shared/__init__.py
  - docs/models/operations/listcompatibilityrequest.md
  - docs/models/operations/listcompatibilityresponse.md
  - docs/models/operations/deletemanagementvehicleconnectionssecurity.md
  - docs/models/operations/deletemanagementvehicleconnectionsrequest.md
  - docs/models/operations/deletemanagementvehicleconnectionsresponse.md
  - docs/models/operations/getmanagementvehicleconnectionssecurity.md
  - docs/models/operations/getmanagementvehicleconnectionsrequest.md
  - docs/models/operations/getmanagementvehicleconnectionsresponse.md
  - docs/models/operations/getinforesponse.md
  - docs/models/operations/batchrequest.md
  - docs/models/operations/batchresponse.md
  - docs/models/operations/disconnectrequest.md
  - docs/models/operations/disconnectstatus.md
  - docs/models/operations/disconnectresponse.md
  - docs/models/operations/getvehiclerequest.md
  - docs/models/operations/getvehicleresponse.md
  - docs/models/operations/getengineoilrequest.md
  - docs/models/operations/getengineoilresponse.md
  - docs/models/operations/getfueltankrequest.md
  - docs/models/operations/getfueltankresponse.md
  - docs/models/operations/getlocationrequest.md
  - docs/models/operations/getlocationresponse.md
  - docs/models/operations/getodometerrequest.md
  - docs/models/operations/getodometerresponse.md
  - docs/models/operations/getpermissionsrequest.md
  - docs/models/operations/getpermissionsresponse.md
  - docs/models/operations/gettirepressurerequest.md
  - docs/models/operations/gettirepressureresponse.md
  - docs/models/operations/getvinrequest.md
  - docs/models/operations/getvinresponse.md
  - docs/models/operations/getvehiclesvehicleidsecurityrequest.md
  - docs/models/operations/getvehiclesvehicleidsecurityresponse.md
  - docs/models/operations/listvehiclesrequest.md
  - docs/models/operations/listvehiclesresponse.md
  - docs/models/operations/lockunlockrequest.md
  - docs/models/operations/lockunlockresponse.md
  - docs/models/operations/getteslaammeterrequest.md
  - docs/models/operations/getteslaammeterresponse.md
  - docs/models/operations/getteslachargetimerequest.md
  - docs/models/operations/getteslachargetimeresponse.md
  - docs/models/operations/getteslacompassrequest.md
  - docs/models/operations/getteslacompassresponse.md
  - docs/models/operations/getteslaexteriortemperaturerequest.md
  - docs/models/operations/getteslaexteriortemperatureresponse.md
  - docs/models/operations/getteslainteriortemperaturerequest.md
  - docs/models/operations/getteslainteriortemperatureresponse.md
  - docs/models/operations/getteslaspeedrequest.md
  - docs/models/operations/getteslaspeedresponse.md
  - docs/models/operations/getteslavoltagerequest.md
  - docs/models/operations/getteslavoltageresponse.md
  - docs/models/operations/getteslawattmeterrequest.md
  - docs/models/operations/getteslawattmeterresponse.md
  - docs/models/operations/setteslaammeterrequest.md
  - docs/models/operations/setteslaammeterresponse.md
  - docs/models/operations/getbatterycapacityrequest.md
  - docs/models/operations/getbatterycapacityresponse.md
  - docs/models/operations/getbatterylevelrequest.md
  - docs/models/operations/getbatterylevelresponse.md
  - docs/models/operations/getcharginglimitrequest.md
  - docs/models/operations/getcharginglimitresponse.md
  - docs/models/operations/getchargingstatusrequest.md
  - docs/models/operations/getchargingstatusresponse.md
  - docs/models/operations/setcharginglimitrequest.md
  - docs/models/operations/setcharginglimitresponse.md
  - docs/models/operations/startstopchargerequest.md
  - docs/models/operations/startstopchargeresponse.md
  - docs/models/operations/getcadillacchargetimerequest.md
  - docs/models/operations/getcadillacchargetimeresponse.md
  - docs/models/operations/getcadillacvoltagerequest.md
  - docs/models/operations/getcadillacvoltageresponse.md
  - docs/models/operations/getchevroletchargetimerequest.md
  - docs/models/operations/getchevroletchargetimeresponse.md
  - docs/models/operations/getchevroletvoltagerequest.md
  - docs/models/operations/getchevroletvoltageresponse.md
  - docs/models/operations/subscriberequest.md
  - docs/models/operations/subscriberesponse.md
  - docs/models/operations/unsubscriberequest.md
  - docs/models/operations/unsubscriberesponse.md
  - docs/models/shared/compatibilityresponse.md
  - docs/models/shared/capability.md
  - docs/models/shared/deletedconnection.md
  - docs/models/shared/connectionsresponse.md
  - docs/models/shared/cursorpaging.md
  - docs/models/shared/getconnection.md
  - docs/models/shared/userinfo.md
  - docs/models/shared/batchresponse.md
  - docs/models/shared/schemassecurityreadchargingportstatus.md
  - docs/models/shared/schemastype.md
  - docs/models/shared/schemaschargingport.md
  - docs/models/shared/schemassecurityreadstatus.md
  - docs/models/shared/schemassecurityreadtype.md
  - docs/models/shared/schemasdoors.md
  - docs/models/shared/schemassecurityreadstoragestatus.md
  - docs/models/shared/schemassecurityreadstoragetype.md
  - docs/models/shared/schemasstorage.md
  - docs/models/shared/schemassecurityreadsunroofstatus.md
  - docs/models/shared/schemassecurityreadsunrooftype.md
  - docs/models/shared/schemassunroof.md
  - docs/models/shared/schemassecurityreadwindowsstatus.md
  - docs/models/shared/schemassecurityreadwindowstype.md
  - docs/models/shared/schemaswindows.md
  - docs/models/shared/securityreadschemas.md
  - docs/models/shared/schemasstatus.md
  - docs/models/shared/successresponseschemas.md
  - docs/models/shared/userinfoschemas.md
  - docs/models/shared/vininfoschemas.md
  - docs/models/shared/compatibilityresponseschemas.md
  - docs/models/shared/schemas.md
  - docs/models/shared/batterylevelschemas.md
  - docs/models/shared/chargevoltageschemas.md
  - docs/models/shared/chargetimeschemas.md
  - docs/models/shared/chargelimitschemas.md
  - docs/models/shared/state.md
  - docs/models/shared/chargestatusschemas.md
  - docs/models/shared/engineoilschemas.md
  - docs/models/shared/tirepressureschemas.md
  - docs/models/shared/fueltankschemas.md
  - docs/models/shared/odometerschemas.md
  - docs/models/shared/locationschemas.md
  - docs/models/shared/body.md
  - docs/models/shared/code.md
  - docs/models/shared/response.md
  - docs/models/shared/header.md
  - docs/models/shared/vehicleinfo.md
  - docs/models/shared/engineoil.md
  - docs/models/shared/fueltank.md
  - docs/models/shared/location.md
  - docs/models/shared/odometer.md
  - docs/models/shared/paging.md
  - docs/models/shared/permission.md
  - docs/models/shared/tirepressure.md
  - docs/models/shared/vininfo.md
  - docs/models/shared/securityreadschemaschargingportstatus.md
  - docs/models/shared/type.md
  - docs/models/shared/chargingport.md
  - docs/models/shared/securityreadstatus.md
  - docs/models/shared/securityreadtype.md
  - docs/models/shared/doors.md
  - docs/models/shared/securityreadschemasstatus.md
  - docs/models/shared/securityreadschemastype.md
  - docs/models/shared/storage.md
  - docs/models/shared/securityreadschemassunroofstatus.md
  - docs/models/shared/securityreadschemassunrooftype.md
  - docs/models/shared/sunroof.md
  - docs/models/shared/securityreadschemaswindowsstatus.md
  - docs/models/shared/securityreadschemaswindowstype.md
  - docs/models/shared/windows.md
  - docs/models/shared/securityread.md
  - docs/models/shared/vehiclesresponsepaging.md
  - docs/models/shared/vehiclesresponse.md
  - docs/models/shared/status.md
  - docs/models/shared/successresponse.md
  - docs/models/shared/securityactionaction.md
  - docs/models/shared/securityaction.md
  - docs/models/shared/chargeammeter.md
  - docs/models/shared/chargetime.md
  - docs/models/shared/direction.md
  - docs/models/shared/compass.md
  - docs/models/shared/temperature.md
  - docs/models/shared/speed.md
  - docs/models/shared/chargevoltage.md
  - docs/models/shared/chargewattage.md
  - docs/models/shared/batterycapacity.md
  - docs/models/shared/batterylevel.md
  - docs/models/shared/chargelimit.md
  - docs/models/shared/chargestatusstate.md
  - docs/models/shared/chargestatus.md
  - docs/models/shared/action.md
  - docs/models/shared/chargeaction.md
  - docs/models/shared/webhookinfo.md
  - docs/models/shared/security.md
  - docs/models/shared/schemebasicauth.md
  - docs/sdks/smartcar/README.md
  - docs/sdks/compatibility/README.md
  - docs/sdks/vehiclemanagement/README.md
  - docs/sdks/user/README.md
  - docs/sdks/vehicles/README.md
  - docs/sdks/tesla/README.md
  - docs/sdks/evs/README.md
  - docs/sdks/cadillac/README.md
  - docs/sdks/chevrolet/README.md
  - docs/sdks/webhooks/README.md
  - USAGE.md
  - .gitattributes
  - src/smartcar/_hooks/sdkhooks.py
  - src/smartcar/_hooks/types.py
  - src/smartcar/_hooks/__init__.py
